
Microsoft Visual Studio Solution File, Format Version 12.00
# Visual Studio Version 16
VisualStudioVersion = 16.0.32002.261
MinimumVisualStudioVersion = 10.0.40219.1
Project("{9A19103F-16F7-4668-BE54-9A1E7A4F7556}") = "StudentManagerWebApp", "StudentManagerWebApp\StudentManagerWebApp.csproj", "{4A9D4188-F548-4038-BB6A-3B44D1D5D2CE}"
EndProject
Project("{FAE04EC0-301F-11D3-BF4B-00C04F79EFBC}") = "StudentManagement_WebAPI", "StudentManagement_WebAPI\StudentManagement_WebAPI.csproj", "{177F0178-5EE2-44DD-8F92-9983DC4CDD7E}"
EndProject
Global
	GlobalSection(SolutionConfigurationPlatforms) = preSolution
		Debug|Any CPU = Debug|Any CPU
		Release|Any CPU = Release|Any CPU
	EndGlobalSection
	GlobalSection(ProjectConfigurationPlatforms) = postSolution
		{4A9D4188-F548-4038-BB6A-3B44D1D5D2CE}.Debug|Any CPU.ActiveCfg = Debug|Any CPU
		{4A9D4188-F548-4038-BB6A-3B44D1D5D2CE}.Debug|Any CPU.Build.0 = Debug|Any CPU
		{4A9D4188-F548-4038-BB6A-3B44D1D5D2CE}.Release|Any CPU.ActiveCfg = Release|Any CPU
		{4A9D4188-F548-4038-BB6A-3B44D1D5D2CE}.Release|Any CPU.Build.0 = Release|Any CPU
		{177F0178-5EE2-44DD-8F92-9983DC4CDD7E}.Debug|Any CPU.ActiveCfg = Debug|Any CPU
		{177F0178-5EE2-44DD-8F92-9983DC4CDD7E}.Debug|Any CPU.Build.0 = Debug|Any CPU
		{177F0178-5EE2-44DD-8F92-9983DC4CDD7E}.Release|Any CPU.ActiveCfg = Release|Any CPU
		{177F0178-5EE2-44DD-8F92-9983DC4CDD7E}.Release|Any CPU.Build.0 = Release|Any CPU
	EndGlobalSection
	GlobalSection(SolutionProperties) = preSolution
		HideSolutionNode = FALSE
	EndGlobalSection
	GlobalSection(ExtensibilityGlobals) = postSolution
		SolutionGuid = {210A353D-F613-4A03-ADBF-0C3978218B19}
	EndGlobalSection
EndGlobal
